
Microsoft Visual Studio Solution File, Format Version 12.00
# Visual Studio 15
VisualStudioVersion = 15.0.28307.1525
MinimumVisualStudioVersion = 10.0.40219.1
Project("{FAE04EC0-301F-11D3-BF4B-00C04F79EFBC}") = "WPF-ACSD-RH", "WPF-ACSD-RH\WPF-ACSD-RH.csproj", "{BAE83158-CA3C-4AAA-ABA2-240C4397B620}"
EndProject
Project("{54435603-DBB4-11D2-8724-00A0C9A8B90C}") = "InstallerApplicationRh", "InstallerApplicationRh\InstallerApplicationRh.vdproj", "{AE3B2B48-1284-41B3-BB10-E40CBF7D671E}"
EndProject
Global
	GlobalSection(SolutionConfigurationPlatforms) = preSolution
		Debug|Any CPU = Debug|Any CPU
		Release|Any CPU = Release|Any CPU
	EndGlobalSection
	GlobalSection(ProjectConfigurationPlatforms) = postSolution
		{BAE83158-CA3C-4AAA-ABA2-240C4397B620}.Debug|Any CPU.ActiveCfg = Debug|Any CPU
		{BAE83158-CA3C-4AAA-ABA2-240C4397B620}.Debug|Any CPU.Build.0 = Debug|Any CPU
		{BAE83158-CA3C-4AAA-ABA2-240C4397B620}.Release|Any CPU.ActiveCfg = Release|Any CPU
		{BAE83158-CA3C-4AAA-ABA2-240C4397B620}.Release|Any CPU.Build.0 = Release|Any CPU
		{AE3B2B48-1284-41B3-BB10-E40CBF7D671E}.Debug|Any CPU.ActiveCfg = Debug
		{AE3B2B48-1284-41B3-BB10-E40CBF7D671E}.Release|Any CPU.ActiveCfg = Release
		{AE3B2B48-1284-41B3-BB10-E40CBF7D671E}.Release|Any CPU.Build.0 = Release
	EndGlobalSection
	GlobalSection(SolutionProperties) = preSolution
		HideSolutionNode = FALSE
	EndGlobalSection
	GlobalSection(ExtensibilityGlobals) = postSolution
		SolutionGuid = {83942A0F-0F56-41F7-9853-54C62B0CF22E}
	EndGlobalSection
EndGlobal
